
Microsoft Visual Studio Solution File, Format Version 12.00
# Visual Studio 14
VisualStudioVersion = 14.0.24720.0
MinimumVisualStudioVersion = 10.0.40219.1
Project("{2150E333-8FDC-42A3-9474-1A3956D46DE8}") = "src", "src", "{D7B4BA28-0F04-455E-846A-F65D2037AE83}"
EndProject
Project("{2150E333-8FDC-42A3-9474-1A3956D46DE8}") = "Solution Items", "Solution Items", "{82F7FFFF-C104-4B7F-9B48-7143972ED9CF}"
	ProjectSection(SolutionItems) = preProject
		global.json = global.json
	EndProjectSection
EndProject
Project("{8BB2217D-0F2D-49D1-97BC-3654ED321F3B}") = "ToDoList", "src\ToDoList\ToDoList.xproj", "{9447E42E-DB96-4322-ADF0-0CC87FAF5A92}"
EndProject
Global
	GlobalSection(SolutionConfigurationPlatforms) = preSolution
		Debug|Any CPU = Debug|Any CPU
		Release|Any CPU = Release|Any CPU
	EndGlobalSection
	GlobalSection(ProjectConfigurationPlatforms) = postSolution
		{9447E42E-DB96-4322-ADF0-0CC87FAF5A92}.Debug|Any CPU.ActiveCfg = Debug|Any CPU
		{9447E42E-DB96-4322-ADF0-0CC87FAF5A92}.Debug|Any CPU.Build.0 = Debug|Any CPU
		{9447E42E-DB96-4322-ADF0-0CC87FAF5A92}.Release|Any CPU.ActiveCfg = Release|Any CPU
		{9447E42E-DB96-4322-ADF0-0CC87FAF5A92}.Release|Any CPU.Build.0 = Release|Any CPU
	EndGlobalSection
	GlobalSection(SolutionProperties) = preSolution
		HideSolutionNode = FALSE
	EndGlobalSection
	GlobalSection(NestedProjects) = preSolution
		{9447E42E-DB96-4322-ADF0-0CC87FAF5A92} = {D7B4BA28-0F04-455E-846A-F65D2037AE83}
	EndGlobalSection
EndGlobal
